{
  "name": "vadergrill-site",
  "lockfileVersion": 2,
  "requires": true,
  "packages": {
    "": {
      "dependencies": {
        "svelte-icons": "^2.1.0"
      }
    },
    "node_modules/svelte-icons": {
      "version": "2.1.0",
      "resolved": "https://registry.npmjs.org/svelte-icons/-/svelte-icons-2.1.0.tgz",
      "integrity": "sha512-rHPQjweEc9fGSnvM0/4gA3pDHwyZyYsC5KhttCZRhSMJfLttJST5Uq0B16Czhw+HQ+HbSOk8kLigMlPs7gZtfg=="
    }
  },
  "dependencies": {
    "svelte-icons": {
      "version": "2.1.0",
      "resolved": "https://registry.npmjs.org/svelte-icons/-/svelte-icons-2.1.0.tgz",
      "integrity": "sha512-rHPQjweEc9fGSnvM0/4gA3pDHwyZyYsC5KhttCZRhSMJfLttJST5Uq0B16Czhw+HQ+HbSOk8kLigMlPs7gZtfg=="
    }
  }
}
